// !$*UTF8*$!
{
	archiveVersion = 1;
	classes = {
	};
	objectVersion = 56;
	objects = {

/* Begin PBXBuildFile section */
		7029AD552C2E026D008A0D14 /* CodableBundleExtension.swift in Sources */ = {isa = PBXBuildFile; fileRef = 7029AD542C2E026D008A0D14 /* CodableBundleExtension.swift */; };
		7029AD5A2C2E06A5008A0D14 /* AnimalListItemView.swift in Sources */ = {isa = PBXBuildFile; fileRef = 7029AD592C2E06A5008A0D14 /* AnimalListItemView.swift */; };
		7029AD5C2C2E081A008A0D14 /* AnimalModel.swift in Sources */ = {isa = PBXBuildFile; fileRef = 7029AD5B2C2E081A008A0D14 /* AnimalModel.swift */; };
		7029AD5E2C2E0CB8008A0D14 /* AnimalDetailView.swift in Sources */ = {isa = PBXBuildFile; fileRef = 7029AD5D2C2E0CB8008A0D14 /* AnimalDetailView.swift */; };
		7029AD602C2E1319008A0D14 /* HeadingView.swift in Sources */ = {isa = PBXBuildFile; fileRef = 7029AD5F2C2E1319008A0D14 /* HeadingView.swift */; };
		7029AD622C2E1408008A0D14 /* InsetGalleryView.swift in Sources */ = {isa = PBXBuildFile; fileRef = 7029AD612C2E1408008A0D14 /* InsetGalleryView.swift */; };
		705BB2CB2B7BD45A00F38242 /* AfricaApp.swift in Sources */ = {isa = PBXBuildFile; fileRef = 705BB2CA2B7BD45A00F38242 /* AfricaApp.swift */; };
		705BB2CD2B7BD45A00F38242 /* ContentView.swift in Sources */ = {isa = PBXBuildFile; fileRef = 705BB2CC2B7BD45A00F38242 /* ContentView.swift */; };
		705BB2CF2B7BD45D00F38242 /* Assets.xcassets in Resources */ = {isa = PBXBuildFile; fileRef = 705BB2CE2B7BD45D00F38242 /* Assets.xcassets */; };
		705BB2D22B7BD45D00F38242 /* Preview Assets.xcassets in Resources */ = {isa = PBXBuildFile; fileRef = 705BB2D12B7BD45D00F38242 /* Preview Assets.xcassets */; };
		705BB2E32B7BD58A00F38242 /* giraffe.mp4 in Resources */ = {isa = PBXBuildFile; fileRef = 705BB2D92B7BD58800F38242 /* giraffe.mp4 */; };
		705BB2E42B7BD58A00F38242 /* lion.mp4 in Resources */ = {isa = PBXBuildFile; fileRef = 705BB2DA2B7BD58800F38242 /* lion.mp4 */; };
		705BB2E52B7BD58A00F38242 /* hippo.mp4 in Resources */ = {isa = PBXBuildFile; fileRef = 705BB2DB2B7BD58800F38242 /* hippo.mp4 */; };
		705BB2E62B7BD58A00F38242 /* cheetah.mp4 in Resources */ = {isa = PBXBuildFile; fileRef = 705BB2DC2B7BD58900F38242 /* cheetah.mp4 */; };
		705BB2E72B7BD58A00F38242 /* zebra.mp4 in Resources */ = {isa = PBXBuildFile; fileRef = 705BB2DD2B7BD58900F38242 /* zebra.mp4 */; };
		705BB2E82B7BD58A00F38242 /* rhino.mp4 in Resources */ = {isa = PBXBuildFile; fileRef = 705BB2DE2B7BD58900F38242 /* rhino.mp4 */; };
		705BB2E92B7BD58A00F38242 /* elephant.mp4 in Resources */ = {isa = PBXBuildFile; fileRef = 705BB2DF2B7BD58A00F38242 /* elephant.mp4 */; };
		705BB2EA2B7BD58A00F38242 /* lioness.mp4 in Resources */ = {isa = PBXBuildFile; fileRef = 705BB2E02B7BD58A00F38242 /* lioness.mp4 */; };
		705BB2EB2B7BD58A00F38242 /* ostrich.mp4 in Resources */ = {isa = PBXBuildFile; fileRef = 705BB2E12B7BD58A00F38242 /* ostrich.mp4 */; };
		705BB2EC2B7BD58A00F38242 /* gorilla.mp4 in Resources */ = {isa = PBXBuildFile; fileRef = 705BB2E22B7BD58A00F38242 /* gorilla.mp4 */; };
		705BB2F22B7BD5BA00F38242 /* animals.json in Resources */ = {isa = PBXBuildFile; fileRef = 705BB2EE2B7BD5BA00F38242 /* animals.json */; };
		705BB2F32B7BD5BA00F38242 /* locations.json in Resources */ = {isa = PBXBuildFile; fileRef = 705BB2EF2B7BD5BA00F38242 /* locations.json */; };
		705BB2F42B7BD5BA00F38242 /* covers.json in Resources */ = {isa = PBXBuildFile; fileRef = 705BB2F02B7BD5BA00F38242 /* covers.json */; };
		705BB2F52B7BD5BA00F38242 /* videos.json in Resources */ = {isa = PBXBuildFile; fileRef = 705BB2F12B7BD5BA00F38242 /* videos.json */; };
		707517EF2C6AB2F500AD9A11 /* VideoPlayerView.swift in Sources */ = {isa = PBXBuildFile; fileRef = 707517EE2C6AB2F500AD9A11 /* VideoPlayerView.swift */; };
		707517F22C6AB3DC00AD9A11 /* VideoPlayerHelper.swift in Sources */ = {isa = PBXBuildFile; fileRef = 707517F12C6AB3DC00AD9A11 /* VideoPlayerHelper.swift */; };
		707517F42C6AB93400AD9A11 /* LocationModel.swift in Sources */ = {isa = PBXBuildFile; fileRef = 707517F32C6AB93400AD9A11 /* LocationModel.swift */; };
		707517F62C6BCF5900AD9A11 /* MapAnnotationView.swift in Sources */ = {isa = PBXBuildFile; fileRef = 707517F52C6BCF5900AD9A11 /* MapAnnotationView.swift */; };
		707517F82C6BD53200AD9A11 /* MotionAnimationView.swift in Sources */ = {isa = PBXBuildFile; fileRef = 707517F72C6BD53200AD9A11 /* MotionAnimationView.swift */; };
		7092B8C72C2C65C6001C4084 /* VideoListView.swift in Sources */ = {isa = PBXBuildFile; fileRef = 7092B8C62C2C65C6001C4084 /* VideoListView.swift */; };
		7092B8C92C2C65D7001C4084 /* MapView.swift in Sources */ = {isa = PBXBuildFile; fileRef = 7092B8C82C2C65D7001C4084 /* MapView.swift */; };
		7092B8CB2C2C65E8001C4084 /* GalleryView.swift in Sources */ = {isa = PBXBuildFile; fileRef = 7092B8CA2C2C65E8001C4084 /* GalleryView.swift */; };
		7092B8CD2C2C65F6001C4084 /* MainView.swift in Sources */ = {isa = PBXBuildFile; fileRef = 7092B8CC2C2C65F6001C4084 /* MainView.swift */; };
		7092B8D12C2C68C6001C4084 /* CoverImageView.swift in Sources */ = {isa = PBXBuildFile; fileRef = 7092B8D02C2C68C6001C4084 /* CoverImageView.swift */; };
		7092B8D42C2C7809001C4084 /* CoverImageModel.swift in Sources */ = {isa = PBXBuildFile; fileRef = 7092B8D32C2C7809001C4084 /* CoverImageModel.swift */; };
		70B2F15C2C3F2A5900965ACB /* InsetFactView.swift in Sources */ = {isa = PBXBuildFile; fileRef = 70B2F15B2C3F2A5900965ACB /* InsetFactView.swift */; };
		70B2F15E2C3F35A900965ACB /* InsetMapView.swift in Sources */ = {isa = PBXBuildFile; fileRef = 70B2F15D2C3F35A800965ACB /* InsetMapView.swift */; };
		70B2F1602C3F394E00965ACB /* ExternalWeblinkView.swift in Sources */ = {isa = PBXBuildFile; fileRef = 70B2F15F2C3F394E00965ACB /* ExternalWeblinkView.swift */; };
		70B2F1622C40157B00965ACB /* VideoModel.swift in Sources */ = {isa = PBXBuildFile; fileRef = 70B2F1612C40157B00965ACB /* VideoModel.swift */; };
		70B2F1642C4015E800965ACB /* VideoListItemView.swift in Sources */ = {isa = PBXBuildFile; fileRef = 70B2F1632C4015E800965ACB /* VideoListItemView.swift */; };
/* End PBXBuildFile section */

/* Begin PBXFileReference section */
		7029AD542C2E026D008A0D14 /* CodableBundleExtension.swift */ = {isa = PBXFileReference; lastKnownFileType = sourcecode.swift; path = CodableBundleExtension.swift; sourceTree = "<group>"; };
		7029AD592C2E06A5008A0D14 /* AnimalListItemView.swift */ = {isa = PBXFileReference; lastKnownFileType = sourcecode.swift; path = AnimalListItemView.swift; sourceTree = "<group>"; };
		7029AD5B2C2E081A008A0D14 /* AnimalModel.swift */ = {isa = PBXFileReference; lastKnownFileType = sourcecode.swift; path = AnimalModel.swift; sourceTree = "<group>"; };
		7029AD5D2C2E0CB8008A0D14 /* AnimalDetailView.swift */ = {isa = PBXFileReference; lastKnownFileType = sourcecode.swift; path = AnimalDetailView.swift; sourceTree = "<group>"; };
		7029AD5F2C2E1319008A0D14 /* HeadingView.swift */ = {isa = PBXFileReference; lastKnownFileType = sourcecode.swift; path = HeadingView.swift; sourceTree = "<group>"; };
		7029AD612C2E1408008A0D14 /* InsetGalleryView.swift */ = {isa = PBXFileReference; lastKnownFileType = sourcecode.swift; path = InsetGalleryView.swift; sourceTree = "<group>"; };
		705BB2C72B7BD45A00F38242 /* Africa.app */ = {isa = PBXFileReference; explicitFileType = wrapper.application; includeInIndex = 0; path = Africa.app; sourceTree = BUILT_PRODUCTS_DIR; };
		705BB2CA2B7BD45A00F38242 /* AfricaApp.swift */ = {isa = PBXFileReference; lastKnownFileType = sourcecode.swift; path = AfricaApp.swift; sourceTree = "<group>"; };
		705BB2CC2B7BD45A00F38242 /* ContentView.swift */ = {isa = PBXFileReference; lastKnownFileType = sourcecode.swift; path = ContentView.swift; sourceTree = "<group>"; };
		705BB2CE2B7BD45D00F38242 /* Assets.xcassets */ = {isa = PBXFileReference; lastKnownFileType = folder.assetcatalog; path = Assets.xcassets; sourceTree = "<group>"; };
		705BB2D12B7BD45D00F38242 /* Preview Assets.xcassets */ = {isa = PBXFileReference; lastKnownFileType = folder.assetcatalog; path = "Preview Assets.xcassets"; sourceTree = "<group>"; };
		705BB2D92B7BD58800F38242 /* giraffe.mp4 */ = {isa = PBXFileReference; lastKnownFileType = file; path = giraffe.mp4; sourceTree = "<group>"; };
		705BB2DA2B7BD58800F38242 /* lion.mp4 */ = {isa = PBXFileReference; lastKnownFileType = file; path = lion.mp4; sourceTree = "<group>"; };
		705BB2DB2B7BD58800F38242 /* hippo.mp4 */ = {isa = PBXFileReference; lastKnownFileType = file; path = hippo.mp4; sourceTree = "<group>"; };
		705BB2DC2B7BD58900F38242 /* cheetah.mp4 */ = {isa = PBXFileReference; lastKnownFileType = file; path = cheetah.mp4; sourceTree = "<group>"; };
		705BB2DD2B7BD58900F38242 /* zebra.mp4 */ = {isa = PBXFileReference; lastKnownFileType = file; path = zebra.mp4; sourceTree = "<group>"; };
		705BB2DE2B7BD58900F38242 /* rhino.mp4 */ = {isa = PBXFileReference; lastKnownFileType = file; path = rhino.mp4; sourceTree = "<group>"; };
		705BB2DF2B7BD58A00F38242 /* elephant.mp4 */ = {isa = PBXFileReference; lastKnownFileType = file; path = elephant.mp4; sourceTree = "<group>"; };
		705BB2E02B7BD58A00F38242 /* lioness.mp4 */ = {isa = PBXFileReference; lastKnownFileType = file; path = lioness.mp4; sourceTree = "<group>"; };
		705BB2E12B7BD58A00F38242 /* ostrich.mp4 */ = {isa = PBXFileReference; lastKnownFileType = file; path = ostrich.mp4; sourceTree = "<group>"; };
		705BB2E22B7BD58A00F38242 /* gorilla.mp4 */ = {isa = PBXFileReference; lastKnownFileType = file; path = gorilla.mp4; sourceTree = "<group>"; };
		705BB2EE2B7BD5BA00F38242 /* animals.json */ = {isa = PBXFileReference; fileEncoding = 4; lastKnownFileType = text.json; path = animals.json; sourceTree = "<group>"; };
		705BB2EF2B7BD5BA00F38242 /* locations.json */ = {isa = PBXFileReference; fileEncoding = 4; lastKnownFileType = text.json; path = locations.json; sourceTree = "<group>"; };
		705BB2F02B7BD5BA00F38242 /* covers.json */ = {isa = PBXFileReference; fileEncoding = 4; lastKnownFileType = text.json; path = covers.json; sourceTree = "<group>"; };
		705BB2F12B7BD5BA00F38242 /* videos.json */ = {isa = PBXFileReference; fileEncoding = 4; lastKnownFileType = text.json; path = videos.json; sourceTree = "<group>"; };
		707517EE2C6AB2F500AD9A11 /* VideoPlayerView.swift */ = {isa = PBXFileReference; lastKnownFileType = sourcecode.swift; path = VideoPlayerView.swift; sourceTree = "<group>"; };
		707517F12C6AB3DC00AD9A11 /* VideoPlayerHelper.swift */ = {isa = PBXFileReference; lastKnownFileType = sourcecode.swift; path = VideoPlayerHelper.swift; sourceTree = "<group>"; };
		707517F32C6AB93400AD9A11 /* LocationModel.swift */ = {isa = PBXFileReference; lastKnownFileType = sourcecode.swift; path = LocationModel.swift; sourceTree = "<group>"; };
		707517F52C6BCF5900AD9A11 /* MapAnnotationView.swift */ = {isa = PBXFileReference; lastKnownFileType = sourcecode.swift; path = MapAnnotationView.swift; sourceTree = "<group>"; };
		707517F72C6BD53200AD9A11 /* MotionAnimationView.swift */ = {isa = PBXFileReference; lastKnownFileType = sourcecode.swift; path = MotionAnimationView.swift; sourceTree = "<group>"; };
		7092B8C62C2C65C6001C4084 /* VideoListView.swift */ = {isa = PBXFileReference; lastKnownFileType = sourcecode.swift; path = VideoListView.swift; sourceTree = "<group>"; };
		7092B8C82C2C65D7001C4084 /* MapView.swift */ = {isa = PBXFileReference; lastKnownFileType = sourcecode.swift; path = MapView.swift; sourceTree = "<group>"; };
		7092B8CA2C2C65E8001C4084 /* GalleryView.swift */ = {isa = PBXFileReference; lastKnownFileType = sourcecode.swift; path = GalleryView.swift; sourceTree = "<group>"; };
		7092B8CC2C2C65F6001C4084 /* MainView.swift */ = {isa = PBXFileReference; lastKnownFileType = sourcecode.swift; path = MainView.swift; sourceTree = "<group>"; };
		7092B8CE2C2C6799001C4084 /* Info.plist */ = {isa = PBXFileReference; lastKnownFileType = text.plist; path = Info.plist; sourceTree = "<group>"; };
		7092B8D02C2C68C6001C4084 /* CoverImageView.swift */ = {isa = PBXFileReference; lastKnownFileType = sourcecode.swift; path = CoverImageView.swift; sourceTree = "<group>"; };
		7092B8D32C2C7809001C4084 /* CoverImageModel.swift */ = {isa = PBXFileReference; lastKnownFileType = sourcecode.swift; path = CoverImageModel.swift; sourceTree = "<group>"; };
		70B2F15B2C3F2A5900965ACB /* InsetFactView.swift */ = {isa = PBXFileReference; lastKnownFileType = sourcecode.swift; path = InsetFactView.swift; sourceTree = "<group>"; };
		70B2F15D2C3F35A800965ACB /* InsetMapView.swift */ = {isa = PBXFileReference; lastKnownFileType = sourcecode.swift; path = InsetMapView.swift; sourceTree = "<group>"; };
		70B2F15F2C3F394E00965ACB /* ExternalWeblinkView.swift */ = {isa = PBXFileReference; lastKnownFileType = sourcecode.swift; path = ExternalWeblinkView.swift; sourceTree = "<group>"; };
		70B2F1612C40157B00965ACB /* VideoModel.swift */ = {isa = PBXFileReference; lastKnownFileType = sourcecode.swift; path = VideoModel.swift; sourceTree = "<group>"; };
		70B2F1632C4015E800965ACB /* VideoListItemView.swift */ = {isa = PBXFileReference; lastKnownFileType = sourcecode.swift; path = VideoListItemView.swift; sourceTree = "<group>"; };
/* End PBXFileReference section */

/* Begin PBXFrameworksBuildPhase section */
		705BB2C42B7BD45A00F38242 /* Frameworks */ = {
			isa = PBXFrameworksBuildPhase;
			buildActionMask = 2147483647;
			files = (
			);
			runOnlyForDeploymentPostprocessing = 0;
		};
/* End PBXFrameworksBuildPhase section */

/* Begin PBXGroup section */
		7029AD532C2E0258008A0D14 /* Extensions */ = {
			isa = PBXGroup;
			children = (
				7029AD542C2E026D008A0D14 /* CodableBundleExtension.swift */,
			);
			path = Extensions;
			sourceTree = "<group>";
		};
		705BB2BE2B7BD45A00F38242 = {
			isa = PBXGroup;
			children = (
				705BB2C92B7BD45A00F38242 /* Africa */,
				705BB2C82B7BD45A00F38242 /* Products */,
			);
			sourceTree = "<group>";
		};
		705BB2C82B7BD45A00F38242 /* Products */ = {
			isa = PBXGroup;
			children = (
				705BB2C72B7BD45A00F38242 /* Africa.app */,
			);
			name = Products;
			sourceTree = "<group>";
		};
		705BB2C92B7BD45A00F38242 /* Africa */ = {
			isa = PBXGroup;
			children = (
				707517F02C6AB3BF00AD9A11 /* Helper */,
				7029AD532C2E0258008A0D14 /* Extensions */,
				7092B8D22C2C77F6001C4084 /* Model */,
				7092B8CF2C2C68B3001C4084 /* View */,
				7092B8CE2C2C6799001C4084 /* Info.plist */,
				7092B8C32C2C6552001C4084 /* App */,
				705BB2ED2B7BD5AE00F38242 /* Data */,
				705BB2D82B7BD55900F38242 /* Video */,
				705BB2CE2B7BD45D00F38242 /* Assets.xcassets */,
				705BB2D02B7BD45D00F38242 /* Preview Content */,
			);
			path = Africa;
			sourceTree = "<group>";
		};
		705BB2D02B7BD45D00F38242 /* Preview Content */ = {
			isa = PBXGroup;
			children = (
				705BB2D12B7BD45D00F38242 /* Preview Assets.xcassets */,
			);
			path = "Preview Content";
			sourceTree = "<group>";
		};
		705BB2D82B7BD55900F38242 /* Video */ = {
			isa = PBXGroup;
			children = (
				705BB2DC2B7BD58900F38242 /* cheetah.mp4 */,
				705BB2DF2B7BD58A00F38242 /* elephant.mp4 */,
				705BB2D92B7BD58800F38242 /* giraffe.mp4 */,
				705BB2E22B7BD58A00F38242 /* gorilla.mp4 */,
				705BB2DB2B7BD58800F38242 /* hippo.mp4 */,
				705BB2DA2B7BD58800F38242 /* lion.mp4 */,
				705BB2E02B7BD58A00F38242 /* lioness.mp4 */,
				705BB2E12B7BD58A00F38242 /* ostrich.mp4 */,
				705BB2DE2B7BD58900F38242 /* rhino.mp4 */,
				705BB2DD2B7BD58900F38242 /* zebra.mp4 */,
			);
			path = Video;
			sourceTree = "<group>";
		};
		705BB2ED2B7BD5AE00F38242 /* Data */ = {
			isa = PBXGroup;
			children = (
				705BB2EE2B7BD5BA00F38242 /* animals.json */,
				705BB2F02B7BD5BA00F38242 /* covers.json */,
				705BB2EF2B7BD5BA00F38242 /* locations.json */,
				705BB2F12B7BD5BA00F38242 /* videos.json */,
			);
			path = Data;
			sourceTree = "<group>";
		};
		707517F02C6AB3BF00AD9A11 /* Helper */ = {
			isa = PBXGroup;
			children = (
				707517F12C6AB3DC00AD9A11 /* VideoPlayerHelper.swift */,
			);
			path = Helper;
			sourceTree = "<group>";
		};
		7092B8C32C2C6552001C4084 /* App */ = {
			isa = PBXGroup;
			children = (
				705BB2CA2B7BD45A00F38242 /* AfricaApp.swift */,
				705BB2CC2B7BD45A00F38242 /* ContentView.swift */,
				7092B8C62C2C65C6001C4084 /* VideoListView.swift */,
				7092B8C82C2C65D7001C4084 /* MapView.swift */,
				7092B8CA2C2C65E8001C4084 /* GalleryView.swift */,
				7092B8CC2C2C65F6001C4084 /* MainView.swift */,
			);
			path = App;
			sourceTree = "<group>";
		};
		7092B8CF2C2C68B3001C4084 /* View */ = {
			isa = PBXGroup;
			children = (
				7092B8D02C2C68C6001C4084 /* CoverImageView.swift */,
				7029AD592C2E06A5008A0D14 /* AnimalListItemView.swift */,
				7029AD5D2C2E0CB8008A0D14 /* AnimalDetailView.swift */,
				7029AD5F2C2E1319008A0D14 /* HeadingView.swift */,
				7029AD612C2E1408008A0D14 /* InsetGalleryView.swift */,
				70B2F15B2C3F2A5900965ACB /* InsetFactView.swift */,
				70B2F15D2C3F35A800965ACB /* InsetMapView.swift */,
				70B2F15F2C3F394E00965ACB /* ExternalWeblinkView.swift */,
				70B2F1632C4015E800965ACB /* VideoListItemView.swift */,
				707517EE2C6AB2F500AD9A11 /* VideoPlayerView.swift */,
				707517F52C6BCF5900AD9A11 /* MapAnnotationView.swift */,
				707517F72C6BD53200AD9A11 /* MotionAnimationView.swift */,
			);
			path = View;
			sourceTree = "<group>";
		};
		7092B8D22C2C77F6001C4084 /* Model */ = {
			isa = PBXGroup;
			children = (
				7092B8D32C2C7809001C4084 /* CoverImageModel.swift */,
				7029AD5B2C2E081A008A0D14 /* AnimalModel.swift */,
				70B2F1612C40157B00965ACB /* VideoModel.swift */,
				707517F32C6AB93400AD9A11 /* LocationModel.swift */,
			);
			path = Model;
			sourceTree = "<group>";
		};
/* End PBXGroup section */

/* Begin PBXNativeTarget section */
		705BB2C62B7BD45A00F38242 /* Africa */ = {
			isa = PBXNativeTarget;
			buildConfigurationList = 705BB2D52B7BD45D00F38242 /* Build configuration list for PBXNativeTarget "Africa" */;
			buildPhases = (
				705BB2C32B7BD45A00F38242 /* Sources */,
				705BB2C42B7BD45A00F38242 /* Frameworks */,
				705BB2C52B7BD45A00F38242 /* Resources */,
			);
			buildRules = (
			);
			dependencies = (
			);
			name = Africa;
			productName = Africa;
			productReference = 705BB2C72B7BD45A00F38242 /* Africa.app */;
			productType = "com.apple.product-type.application";
		};
/* End PBXNativeTarget section */

/* Begin PBXProject section */
		705BB2BF2B7BD45A00F38242 /* Project object */ = {
			isa = PBXProject;
			attributes = {
				BuildIndependentTargetsInParallel = 1;
				LastSwiftUpdateCheck = 1510;
				LastUpgradeCheck = 1510;
				TargetAttributes = {
					705BB2C62B7BD45A00F38242 = {
						CreatedOnToolsVersion = 15.1;
					};
				};
			};
			buildConfigurationList = 705BB2C22B7BD45A00F38242 /* Build configuration list for PBXProject "Africa" */;
			compatibilityVersion = "Xcode 14.0";
			developmentRegion = en;
			hasScannedForEncodings = 0;
			knownRegions = (
				en,
				Base,
			);
			mainGroup = 705BB2BE2B7BD45A00F38242;
			productRefGroup = 705BB2C82B7BD45A00F38242 /* Products */;
			projectDirPath = "";
			projectRoot = "";
			targets = (
				705BB2C62B7BD45A00F38242 /* Africa */,
			);
		};
/* End PBXProject section */

/* Begin PBXResourcesBuildPhase section */
		705BB2C52B7BD45A00F38242 /* Resources */ = {
			isa = PBXResourcesBuildPhase;
			buildActionMask = 2147483647;
			files = (
				705BB2F32B7BD5BA00F38242 /* locations.json in Resources */,
				705BB2E82B7BD58A00F38242 /* rhino.mp4 in Resources */,
				705BB2E52B7BD58A00F38242 /* hippo.mp4 in Resources */,
				705BB2D22B7BD45D00F38242 /* Preview Assets.xcassets in Resources */,
				705BB2E62B7BD58A00F38242 /* cheetah.mp4 in Resources */,
				705BB2EC2B7BD58A00F38242 /* gorilla.mp4 in Resources */,
				705BB2E42B7BD58A00F38242 /* lion.mp4 in Resources */,
				705BB2CF2B7BD45D00F38242 /* Assets.xcassets in Resources */,
				705BB2F22B7BD5BA00F38242 /* animals.json in Resources */,
				705BB2E72B7BD58A00F38242 /* zebra.mp4 in Resources */,
				705BB2F42B7BD5BA00F38242 /* covers.json in Resources */,
				705BB2EA2B7BD58A00F38242 /* lioness.mp4 in Resources */,
				705BB2E32B7BD58A00F38242 /* giraffe.mp4 in Resources */,
				705BB2F52B7BD5BA00F38242 /* videos.json in Resources */,
				705BB2E92B7BD58A00F38242 /* elephant.mp4 in Resources */,
				705BB2EB2B7BD58A00F38242 /* ostrich.mp4 in Resources */,
			);
			runOnlyForDeploymentPostprocessing = 0;
		};
/* End PBXResourcesBuildPhase section */

/* Begin PBXSourcesBuildPhase section */
		705BB2C32B7BD45A00F38242 /* Sources */ = {
			isa = PBXSourcesBuildPhase;
			buildActionMask = 2147483647;
			files = (
				70B2F1642C4015E800965ACB /* VideoListItemView.swift in Sources */,
				70B2F1602C3F394E00965ACB /* ExternalWeblinkView.swift in Sources */,
				705BB2CD2B7BD45A00F38242 /* ContentView.swift in Sources */,
				7029AD5A2C2E06A5008A0D14 /* AnimalListItemView.swift in Sources */,
				7092B8CD2C2C65F6001C4084 /* MainView.swift in Sources */,
				70B2F15C2C3F2A5900965ACB /* InsetFactView.swift in Sources */,
				7092B8D12C2C68C6001C4084 /* CoverImageView.swift in Sources */,
				7092B8D42C2C7809001C4084 /* CoverImageModel.swift in Sources */,
				7029AD5E2C2E0CB8008A0D14 /* AnimalDetailView.swift in Sources */,
				7092B8C92C2C65D7001C4084 /* MapView.swift in Sources */,
				707517F22C6AB3DC00AD9A11 /* VideoPlayerHelper.swift in Sources */,
				705BB2CB2B7BD45A00F38242 /* AfricaApp.swift in Sources */,
				70B2F15E2C3F35A900965ACB /* InsetMapView.swift in Sources */,
				707517F62C6BCF5900AD9A11 /* MapAnnotationView.swift in Sources */,
				7029AD5C2C2E081A008A0D14 /* AnimalModel.swift in Sources */,
				7092B8C72C2C65C6001C4084 /* VideoListView.swift in Sources */,
				70B2F1622C40157B00965ACB /* VideoModel.swift in Sources */,
				707517F42C6AB93400AD9A11 /* LocationModel.swift in Sources */,
				7092B8CB2C2C65E8001C4084 /* GalleryView.swift in Sources */,
				7029AD622C2E1408008A0D14 /* InsetGalleryView.swift in Sources */,
				7029AD552C2E026D008A0D14 /* CodableBundleExtension.swift in Sources */,
				707517F82C6BD53200AD9A11 /* MotionAnimationView.swift in Sources */,
				7029AD602C2E1319008A0D14 /* HeadingView.swift in Sources */,
				707517EF2C6AB2F500AD9A11 /* VideoPlayerView.swift in Sources */,
			);
			runOnlyForDeploymentPostprocessing = 0;
		};
/* End PBXSourcesBuildPhase section */

/* Begin XCBuildConfiguration section */
		705BB2D32B7BD45D00F38242 /* Debug */ = {
			isa = XCBuildConfiguration;
			buildSettings = {
				ALWAYS_SEARCH_USER_PATHS = NO;
				ASSETCATALOG_COMPILER_GENERATE_SWIFT_ASSET_SYMBOL_EXTENSIONS = YES;
				CLANG_ANALYZER_NONNULL = YES;
				CLANG_ANALYZER_NUMBER_OBJECT_CONVERSION = YES_AGGRESSIVE;
				CLANG_CXX_LANGUAGE_STANDARD = "gnu++20";
				CLANG_ENABLE_MODULES = YES;
				CLANG_ENABLE_OBJC_ARC = YES;
				CLANG_ENABLE_OBJC_WEAK = YES;
				CLANG_WARN_BLOCK_CAPTURE_AUTORELEASING = YES;
				CLANG_WARN_BOOL_CONVERSION = YES;
				CLANG_WARN_COMMA = YES;
				CLANG_WARN_CONSTANT_CONVERSION = YES;
				CLANG_WARN_DEPRECATED_OBJC_IMPLEMENTATIONS = YES;
				CLANG_WARN_DIRECT_OBJC_ISA_USAGE = YES_ERROR;
				CLANG_WARN_DOCUMENTATION_COMMENTS = YES;
				CLANG_WARN_EMPTY_BODY = YES;
				CLANG_WARN_ENUM_CONVERSION = YES;
				CLANG_WARN_INFINITE_RECURSION = YES;
				CLANG_WARN_INT_CONVERSION = YES;
				CLANG_WARN_NON_LITERAL_NULL_CONVERSION = YES;
				CLANG_WARN_OBJC_IMPLICIT_RETAIN_SELF = YES;
				CLANG_WARN_OBJC_LITERAL_CONVERSION = YES;
				CLANG_WARN_OBJC_ROOT_CLASS = YES_ERROR;
				CLANG_WARN_QUOTED_INCLUDE_IN_FRAMEWORK_HEADER = YES;
				CLANG_WARN_RANGE_LOOP_ANALYSIS = YES;
				CLANG_WARN_STRICT_PROTOTYPES = YES;
				CLANG_WARN_SUSPICIOUS_MOVE = YES;
				CLANG_WARN_UNGUARDED_AVAILABILITY = YES_AGGRESSIVE;
				CLANG_WARN_UNREACHABLE_CODE = YES;
				CLANG_WARN__DUPLICATE_METHOD_MATCH = YES;
				COPY_PHASE_STRIP = NO;
				DEBUG_INFORMATION_FORMAT = dwarf;
				ENABLE_STRICT_OBJC_MSGSEND = YES;
				ENABLE_TESTABILITY = YES;
				ENABLE_USER_SCRIPT_SANDBOXING = YES;
				GCC_C_LANGUAGE_STANDARD = gnu17;
				GCC_DYNAMIC_NO_PIC = NO;
				GCC_NO_COMMON_BLOCKS = YES;
				GCC_OPTIMIZATION_LEVEL = 0;
				GCC_PREPROCESSOR_DEFINITIONS = (
					"DEBUG=1",
					"$(inherited)",
				);
				GCC_WARN_64_TO_32_BIT_CONVERSION = YES;
				GCC_WARN_ABOUT_RETURN_TYPE = YES_ERROR;
				GCC_WARN_UNDECLARED_SELECTOR = YES;
				GCC_WARN_UNINITIALIZED_AUTOS = YES_AGGRESSIVE;
				GCC_WARN_UNUSED_FUNCTION = YES;
				GCC_WARN_UNUSED_VARIABLE = YES;
				IPHONEOS_DEPLOYMENT_TARGET = 17.2;
				LOCALIZATION_PREFERS_STRING_CATALOGS = YES;
				MTL_ENABLE_DEBUG_INFO = INCLUDE_SOURCE;
				MTL_FAST_MATH = YES;
				ONLY_ACTIVE_ARCH = YES;
				SDKROOT = iphoneos;
				SWIFT_ACTIVE_COMPILATION_CONDITIONS = "DEBUG $(inherited)";
				SWIFT_OPTIMIZATION_LEVEL = "-Onone";
			};
			name = Debug;
		};
		705BB2D42B7BD45D00F38242 /* Release */ = {
			isa = XCBuildConfiguration;
			buildSettings = {
				ALWAYS_SEARCH_USER_PATHS = NO;
				ASSETCATALOG_COMPILER_GENERATE_SWIFT_ASSET_SYMBOL_EXTENSIONS = YES;
				CLANG_ANALYZER_NONNULL = YES;
				CLANG_ANALYZER_NUMBER_OBJECT_CONVERSION = YES_AGGRESSIVE;
				CLANG_CXX_LANGUAGE_STANDARD = "gnu++20";
				CLANG_ENABLE_MODULES = YES;
				CLANG_ENABLE_OBJC_ARC = YES;
				CLANG_ENABLE_OBJC_WEAK = YES;
				CLANG_WARN_BLOCK_CAPTURE_AUTORELEASING = YES;
				CLANG_WARN_BOOL_CONVERSION = YES;
				CLANG_WARN_COMMA = YES;
				CLANG_WARN_CONSTANT_CONVERSION = YES;
				CLANG_WARN_DEPRECATED_OBJC_IMPLEMENTATIONS = YES;
				CLANG_WARN_DIRECT_OBJC_ISA_USAGE = YES_ERROR;
				CLANG_WARN_DOCUMENTATION_COMMENTS = YES;
				CLANG_WARN_EMPTY_BODY = YES;
				CLANG_WARN_ENUM_CONVERSION = YES;
				CLANG_WARN_INFINITE_RECURSION = YES;
				CLANG_WARN_INT_CONVERSION = YES;
				CLANG_WARN_NON_LITERAL_NULL_CONVERSION = YES;
				CLANG_WARN_OBJC_IMPLICIT_RETAIN_SELF = YES;
				CLANG_WARN_OBJC_LITERAL_CONVERSION = YES;
				CLANG_WARN_OBJC_ROOT_CLASS = YES_ERROR;
				CLANG_WARN_QUOTED_INCLUDE_IN_FRAMEWORK_HEADER = YES;
				CLANG_WARN_RANGE_LOOP_ANALYSIS = YES;
				CLANG_WARN_STRICT_PROTOTYPES = YES;
				CLANG_WARN_SUSPICIOUS_MOVE = YES;
				CLANG_WARN_UNGUARDED_AVAILABILITY = YES_AGGRESSIVE;
				CLANG_WARN_UNREACHABLE_CODE = YES;
				CLANG_WARN__DUPLICATE_METHOD_MATCH = YES;
				COPY_PHASE_STRIP = NO;
				DEBUG_INFORMATION_FORMAT = "dwarf-with-dsym";
				ENABLE_NS_ASSERTIONS = NO;
				ENABLE_STRICT_OBJC_MSGSEND = YES;
				ENABLE_USER_SCRIPT_SANDBOXING = YES;
				GCC_C_LANGUAGE_STANDARD = gnu17;
				GCC_NO_COMMON_BLOCKS = YES;
				GCC_WARN_64_TO_32_BIT_CONVERSION = YES;
				GCC_WARN_ABOUT_RETURN_TYPE = YES_ERROR;
				GCC_WARN_UNDECLARED_SELECTOR = YES;
				GCC_WARN_UNINITIALIZED_AUTOS = YES_AGGRESSIVE;
				GCC_WARN_UNUSED_FUNCTION = YES;
				GCC_WARN_UNUSED_VARIABLE = YES;
				IPHONEOS_DEPLOYMENT_TARGET = 17.2;
				LOCALIZATION_PREFERS_STRING_CATALOGS = YES;
				MTL_ENABLE_DEBUG_INFO = NO;
				MTL_FAST_MATH = YES;
				SDKROOT = iphoneos;
				SWIFT_COMPILATION_MODE = wholemodule;
				VALIDATE_PRODUCT = YES;
			};
			name = Release;
		};
		705BB2D62B7BD45D00F38242 /* Debug */ = {
			isa = XCBuildConfiguration;
			buildSettings = {
				ASSETCATALOG_COMPILER_APPICON_NAME = AppIcon;
				ASSETCATALOG_COMPILER_GLOBAL_ACCENT_COLOR_NAME = AccentColor;
				CODE_SIGN_STYLE = Automatic;
				CURRENT_PROJECT_VERSION = 1;
				DEVELOPMENT_ASSET_PATHS = "\"Africa/Preview Content\"";
				DEVELOPMENT_TEAM = 4Y462374L4;
				ENABLE_PREVIEWS = YES;
				GENERATE_INFOPLIST_FILE = YES;
				INFOPLIST_FILE = Africa/Info.plist;
				INFOPLIST_KEY_UIApplicationSceneManifest_Generation = YES;
				INFOPLIST_KEY_UIApplicationSupportsIndirectInputEvents = YES;
				INFOPLIST_KEY_UISupportedInterfaceOrientations_iPad = "UIInterfaceOrientationPortrait UIInterfaceOrientationPortraitUpsideDown UIInterfaceOrientationLandscapeLeft UIInterfaceOrientationLandscapeRight";
				INFOPLIST_KEY_UISupportedInterfaceOrientations_iPhone = "UIInterfaceOrientationPortrait UIInterfaceOrientationLandscapeLeft UIInterfaceOrientationLandscapeRight";
				INFOPLIST_KEY_UIUserInterfaceStyle = Dark;
				LD_RUNPATH_SEARCH_PATHS = (
					"$(inherited)",
					"@executable_path/Frameworks",
				);
				MARKETING_VERSION = 1.0;
				PRODUCT_BUNDLE_IDENTIFIER = com.shunganas.Africa;
				PRODUCT_NAME = "$(TARGET_NAME)";
				SWIFT_EMIT_LOC_STRINGS = YES;
				SWIFT_VERSION = 5.0;
				TARGETED_DEVICE_FAMILY = "1,2";
			};
			name = Debug;
		};
		705BB2D72B7BD45D00F38242 /* Release */ = {
			isa = XCBuildConfiguration;
			buildSettings = {
				ASSETCATALOG_COMPILER_APPICON_NAME = AppIcon;
				ASSETCATALOG_COMPILER_GLOBAL_ACCENT_COLOR_NAME = AccentColor;
				CODE_SIGN_STYLE = Automatic;
				CURRENT_PROJECT_VERSION = 1;
				DEVELOPMENT_ASSET_PATHS = "\"Africa/Preview Content\"";
				DEVELOPMENT_TEAM = 4Y462374L4;
				ENABLE_PREVIEWS = YES;
				GENERATE_INFOPLIST_FILE = YES;
				INFOPLIST_FILE = Africa/Info.plist;
				INFOPLIST_KEY_UIApplicationSceneManifest_Generation = YES;
				INFOPLIST_KEY_UIApplicationSupportsIndirectInputEvents = YES;
				INFOPLIST_KEY_UISupportedInterfaceOrientations_iPad = "UIInterfaceOrientationPortrait UIInterfaceOrientationPortraitUpsideDown UIInterfaceOrientationLandscapeLeft UIInterfaceOrientationLandscapeRight";
				INFOPLIST_KEY_UISupportedInterfaceOrientations_iPhone = "UIInterfaceOrientationPortrait UIInterfaceOrientationLandscapeLeft UIInterfaceOrientationLandscapeRight";
				INFOPLIST_KEY_UIUserInterfaceStyle = Dark;
				LD_RUNPATH_SEARCH_PATHS = (
					"$(inherited)",
					"@executable_path/Frameworks",
				);
				MARKETING_VERSION = 1.0;
				PRODUCT_BUNDLE_IDENTIFIER = com.shunganas.Africa;
				PRODUCT_NAME = "$(TARGET_NAME)";
				SWIFT_EMIT_LOC_STRINGS = YES;
				SWIFT_VERSION = 5.0;
				TARGETED_DEVICE_FAMILY = "1,2";
			};
			name = Release;
		};
/* End XCBuildConfiguration section */

/* Begin XCConfigurationList section */
		705BB2C22B7BD45A00F38242 /* Build configuration list for PBXProject "Africa" */ = {
			isa = XCConfigurationList;
			buildConfigurations = (
				705BB2D32B7BD45D00F38242 /* Debug */,
				705BB2D42B7BD45D00F38242 /* Release */,
			);
			defaultConfigurationIsVisible = 0;
			defaultConfigurationName = Release;
		};
		705BB2D52B7BD45D00F38242 /* Build configuration list for PBXNativeTarget "Africa" */ = {
			isa = XCConfigurationList;
			buildConfigurations = (
				705BB2D62B7BD45D00F38242 /* Debug */,
				705BB2D72B7BD45D00F38242 /* Release */,
			);
			defaultConfigurationIsVisible = 0;
			defaultConfigurationName = Release;
		};
/* End XCConfigurationList section */
	};
	rootObject = 705BB2BF2B7BD45A00F38242 /* Project object */;
}
